
Microsoft Visual Studio Solution File, Format Version 10.00
# Visual C# Express 2008
Project("{FAE04EC0-301F-11D3-BF4B-00C04F79EFBC}") = "udiGrupal", "udiGrupal\udiGrupal.csproj", "{5373C8A4-50E2-4063-BA7B-189B773ADA90}"
EndProject
Global
	GlobalSection(SolutionConfigurationPlatforms) = preSolution
		Debug|Any CPU = Debug|Any CPU
		Release|Any CPU = Release|Any CPU
	EndGlobalSection
	GlobalSection(ProjectConfigurationPlatforms) = postSolution
		{5373C8A4-50E2-4063-BA7B-189B773ADA90}.Debug|Any CPU.ActiveCfg = Debug|Any CPU
		{5373C8A4-50E2-4063-BA7B-189B773ADA90}.Debug|Any CPU.Build.0 = Debug|Any CPU
		{5373C8A4-50E2-4063-BA7B-189B773ADA90}.Release|Any CPU.ActiveCfg = Release|Any CPU
		{5373C8A4-50E2-4063-BA7B-189B773ADA90}.Release|Any CPU.Build.0 = Release|Any CPU
	EndGlobalSection
	GlobalSection(SolutionProperties) = preSolution
		HideSolutionNode = FALSE
	EndGlobalSection
EndGlobal
